<?xml version="1.0" encoding="utf-8"?>
<Project ToolsVersion="4.0" xmlns="http://schemas.microsoft.com/developer/msbuild/2003">
  <ItemGroup>
    <Filter Include="Source Files">
      <UniqueIdentifier>{4FC737F1-C7A5-4376-A066-2A32D752A2FF}</UniqueIdentifier>
      <Extensions>cpp;c;cc;cxx;c++;cppm;ixx;def;odl;idl;hpj;bat;asm;asmx</Extensions>
    </Filter>
    <Filter Include="Header Files">
      <UniqueIdentifier>{93995380-89BD-4b04-88EB-625FBE52EBFB}</UniqueIdentifier>
      <Extensions>h;hh;hpp;hxx;h++;hm;inl;inc;ipp;xsd</Extensions>
    </Filter>
    <Filter Include="Resource Files">
      <UniqueIdentifier>{67DA6AB6-F800-4c08-8B7A-83BB121AAD01}</UniqueIdentifier>
      <Extensions>rc;ico;cur;bmp;dlg;rc2;rct;bin;rgs;gif;jpg;jpeg;jpe;resx;tiff;tif;png;wav;mfcribbon-ms</Extensions>
    </Filter>
    <Filter Include="Interfaces">
      <UniqueIdentifier>{a3fc1cb2-21a1-4220-8cb1-a3a7b0409026}</UniqueIdentifier>
    </Filter>
    <Filter Include="Shapes">
      <UniqueIdentifier>{5bece5cf-cf94-4b59-9111-3d7166e17f84}</UniqueIdentifier>
    </Filter>
    <Filter Include="Services">
      <UniqueIdentifier>{e3ea7ad1-62f2-4c27-90d4-1337ddf20e6c}</UniqueIdentifier>
    </Filter>
    <Filter Include="ChronoObserver">
      <UniqueIdentifier>{df52d6c4-3a62-414c-9a27-b42318312564}</UniqueIdentifier>
    </Filter>
  </ItemGroup>
  <ItemGroup>
    <ClCompile Include="Testing_glut.cpp">
      <Filter>Source Files</Filter>
    </ClCompile>
    <ClCompile Include="IDisplay.cpp">
      <Filter>Interfaces</Filter>
    </ClCompile>
    <ClCompile Include="Shape.cpp">
      <Filter>Shapes</Filter>
    </ClCompile>
    <ClCompile Include="ShapeRandomizerService.cpp">
      <Filter>Services</Filter>
    </ClCompile>
    <ClCompile Include="Polygon.cpp">
      <Filter>Shapes</Filter>
    </ClCompile>
    <ClCompile Include="StringRenderService.cpp">
      <Filter>Services</Filter>
    </ClCompile>
    <ClCompile Include="IObserver.cpp">
      <Filter>ChronoObserver</Filter>
    </ClCompile>
    <ClCompile Include="ISubject.cpp">
      <Filter>ChronoObserver</Filter>
    </ClCompile>
    <ClCompile Include="ChronoSubject.cpp">
      <Filter>ChronoObserver</Filter>
    </ClCompile>
    <ClCompile Include="PolygonObserver.cpp">
      <Filter>ChronoObserver</Filter>
    </ClCompile>
  </ItemGroup>
  <ItemGroup>
    <ClInclude Include="Shape.h">
      <Filter>Header Files</Filter>
    </ClInclude>
    <ClInclude Include="ShapeRandomizerService.h">
      <Filter>Header Files</Filter>
    </ClInclude>
    <ClInclude Include="Polygon.h">
      <Filter>Header Files</Filter>
    </ClInclude>
    <ClInclude Include="StringRenderService.h">
      <Filter>Header Files</Filter>
    </ClInclude>
    <ClInclude Include="IObserver.h">
      <Filter>ChronoObserver</Filter>
    </ClInclude>
    <ClInclude Include="ISubject.h">
      <Filter>ChronoObserver</Filter>
    </ClInclude>
    <ClInclude Include="ChronoSubject.h">
      <Filter>ChronoObserver</Filter>
    </ClInclude>
    <ClInclude Include="PolygonObserver.h">
      <Filter>ChronoObserver</Filter>
    </ClInclude>
    <ClInclude Include="IDisplay.h">
      <Filter>Header Files</Filter>
    </ClInclude>
    <ClInclude Include="Tops.h">
      <Filter>Header Files</Filter>
    </ClInclude>
  </ItemGroup>
</Project>